
Microsoft Visual Studio Solution File, Format Version 12.00
# Visual Studio Version 16
VisualStudioVersion = 16.0.30503.244
MinimumVisualStudioVersion = 10.0.40219.1
Project("{9A19103F-16F7-4668-BE54-9A1E7A4F7556}") = "BÀI THỰC HÀNH 2", "BÀI THỰC HÀNH 2.csproj", "{A7E1746C-3D95-4042-A6A2-9BCD3F08D5BC}"
EndProject
Global
	GlobalSection(SolutionConfigurationPlatforms) = preSolution
		Debug|Any CPU = Debug|Any CPU
		Release|Any CPU = Release|Any CPU
	EndGlobalSection
	GlobalSection(ProjectConfigurationPlatforms) = postSolution
		{A7E1746C-3D95-4042-A6A2-9BCD3F08D5BC}.Debug|Any CPU.ActiveCfg = Debug|Any CPU
		{A7E1746C-3D95-4042-A6A2-9BCD3F08D5BC}.Debug|Any CPU.Build.0 = Debug|Any CPU
		{A7E1746C-3D95-4042-A6A2-9BCD3F08D5BC}.Release|Any CPU.ActiveCfg = Release|Any CPU
		{A7E1746C-3D95-4042-A6A2-9BCD3F08D5BC}.Release|Any CPU.Build.0 = Release|Any CPU
	EndGlobalSection
	GlobalSection(SolutionProperties) = preSolution
		HideSolutionNode = FALSE
	EndGlobalSection
	GlobalSection(ExtensibilityGlobals) = postSolution
		SolutionGuid = {9EBFF5C8-B8C8-4532-B6EC-F5A4F7F88883}
	EndGlobalSection
EndGlobal
